
Microsoft Visual Studio Solution File, Format Version 12.00
# Visual Studio Version 17
VisualStudioVersion = 17.5.33502.453
MinimumVisualStudioVersion = 10.0.40219.1
Project("{FAE04EC0-301F-11D3-BF4B-00C04F79EFBC}") = "MSRewards", "MSRewards\MSRewards.csproj", "{59EF4BA0-5A6F-4CEC-A8BC-A2071D1EFB98}"
EndProject
Global
	GlobalSection(SolutionConfigurationPlatforms) = preSolution
		Debug|Any CPU = Debug|Any CPU
		Release|Any CPU = Release|Any CPU
	EndGlobalSection
	GlobalSection(ProjectConfigurationPlatforms) = postSolution
		{59EF4BA0-5A6F-4CEC-A8BC-A2071D1EFB98}.Debug|Any CPU.ActiveCfg = Debug|Any CPU
		{59EF4BA0-5A6F-4CEC-A8BC-A2071D1EFB98}.Debug|Any CPU.Build.0 = Debug|Any CPU
		{59EF4BA0-5A6F-4CEC-A8BC-A2071D1EFB98}.Release|Any CPU.ActiveCfg = Release|Any CPU
		{59EF4BA0-5A6F-4CEC-A8BC-A2071D1EFB98}.Release|Any CPU.Build.0 = Release|Any CPU
	EndGlobalSection
	GlobalSection(SolutionProperties) = preSolution
		HideSolutionNode = FALSE
	EndGlobalSection
	GlobalSection(ExtensibilityGlobals) = postSolution
		SolutionGuid = {62A53F52-5701-42A1-924B-151015FCE633}
	EndGlobalSection
EndGlobal
